github.com/aws/aws-sdk-go-v2 v1.16.2 h1:fqlCk6Iy3bnCumtrLz9r3mJ/2gUT0pJ0wLFVIdWh+JA=
github.com/aws/aws-sdk-go-v2/aws/protocol/eventstream v1.4.1 h1:SdK4Ppk5IzLs64ZMvr6MrSficMtjY2oS0WOORXTlxwU=
github.com/aws/aws-sdk-go-v2/config v1.15.3 h1:5AlQD0jhVXlGzwo+VORKiUuogkG7pQcLJNzIzK7eodw=
github.com/aws/aws-sdk-go-v2/credentials v1.11.2 h1:RQQ5fzclAKJyY5TvF+fkjJEwzK4hnxQCLOu5JXzDmQo=
github.com/aws/aws-sdk-go-v2/feature/ec2/imds v1.12.3 h1:LWPg5zjHV9oz/myQr4wMs0gi4CjnDN/ILmyZUFYXZsU=
github.com/aws/aws-sdk-go-v2/internal/configsources v1.1.9 h1:onz/VaaxZ7Z4V+WIN9Txly9XLTmoOh1oJ8XcAC3pako=
github.com/aws/aws-sdk-go-v2/internal/endpoints/v2 v2.4.3 h1:9stUQR/u2KXU6HkFJYlqnZEjBnbgrVbG6I5HN09xZh0=
github.com/aws/aws-sdk-go-v2/internal/ini v1.3.10 h1:by9P+oy3P/CwggN4ClnW2D4oL91QV7pBzBICi1chZvQ=
github.com/aws/aws-sdk-go-v2/internal/v4a v1.0.0 h1:cq+47u1zpHyH+PSkbBx1N9whx4TiM9m9ibimOPaNlBg=
github.com/aws/aws-sdk-go-v2/service/internal/accept-encoding v1.9.1 h1:T4pFel53bkHjL2mMo+4DKE6r6AuoZnM0fg7k1/ratr4=
github.com/aws/aws-sdk-go-v2/service/internal/checksum v1.1.3 h1:I0dcwWitE752hVSMrsLCxqNQ+UdEp3nACx2bYNMQq+k=
github.com/aws/aws-sdk-go-v2/service/internal/presigned-url v1.9.3 h1:Gh1Gpyh01Yvn7ilO/b/hr01WgNpaszfbKMUgqM186xQ=
github.com/aws/aws-sdk-go-v2/service/internal/s3shared v1.13.3 h1:BKjwCJPnANbkwQ8vzSbaZDKawwagDubrH/z/c0X+kbQ=
github.com/aws/aws-sdk-go-v2/service/s3 v1.26.4 h1:frOI/v6KWuKGlKUA5gheRw01EDpxcCxTalFQkCOZXAo=
github.com/aws/aws-sdk-go-v2/service/sso v1.11.3 h1:frW4ikGcxfAEDfmQqWgMLp+F1n4nRo9sF39OcIb5BkQ=
github.com/aws/aws-sdk-go-v2/service/sts v1.16.3 h1:cJGRyzCSVwZC7zZZ1xbx9m32UnrKydRYhOvcD1NYP9Q=
github.com/aws/smithy-go v1.11.2 h1:eG/N+CcUMAvsdffgMvjMKwfyDzIkjM6pfxMJ8Mzc6mE=
github.com/google/go-cmp v0.5.7 h1:81/ik6ipDQS2aGcBfIN5dHDB36BwrStyeAQquSYCV4o=
golang.org/x/xerrors v0.0.0-20200804184101-5ec99f83aff1 h1:go1bK/D/BFZV2I8cIQd1NKEZ+0owSTG1fDTci4IqFcE=
